// !$*UTF8*$!
{
	archiveVersion = 1;
	classes = {
	};
	objectVersion = 46;
	objects = {

/* Begin PBXBuildFile section */
		A3F269521332DCB400BA229B /* UIKit.framework in Frameworks */ = {isa = PBXBuildFile; fileRef = A3F269511332DCB400BA229B /* UIKit.framework */; };
		A3F269541332DCB400BA229B /* Foundation.framework in Frameworks */ = {isa = PBXBuildFile; fileRef = A3F269531332DCB400BA229B /* Foundation.framework */; };
		A3F269561332DCB400BA229B /* CoreGraphics.framework in Frameworks */ = {isa = PBXBuildFile; fileRef = A3F269551332DCB400BA229B /* CoreGraphics.framework */; };
		A3F2695C1332DCB400BA229B /* InfoPlist.strings in Resources */ = {isa = PBXBuildFile; fileRef = A3F2695A1332DCB400BA229B /* InfoPlist.strings */; };
		A3F2695F1332DCB400BA229B /* main.m in Sources */ = {isa = PBXBuildFile; fileRef = A3F2695E1332DCB400BA229B /* main.m */; };
		A3F269621332DCB400BA229B /* Xcode4GithubAppDelegate.m in Sources */ = {isa = PBXBuildFile; fileRef = A3F269611332DCB400BA229B /* Xcode4GithubAppDelegate.m */; };
		A3F269651332DCB400BA229B /* MainWindow.xib in Resources */ = {isa = PBXBuildFile; fileRef = A3F269631332DCB400BA229B /* MainWindow.xib */; };
		A3F269681332DCB400BA229B /* FirstViewController.m in Sources */ = {isa = PBXBuildFile; fileRef = A3F269671332DCB400BA229B /* FirstViewController.m */; };
		A3F2696B1332DCB400BA229B /* SecondViewController.m in Sources */ = {isa = PBXBuildFile; fileRef = A3F2696A1332DCB400BA229B /* SecondViewController.m */; };
		A3F2696E1332DCB400BA229B /* FirstView.xib in Resources */ = {isa = PBXBuildFile; fileRef = A3F2696C1332DCB400BA229B /* FirstView.xib */; };
		A3F269711332DCB500BA229B /* SecondView.xib in Resources */ = {isa = PBXBuildFile; fileRef = A3F2696F1332DCB400BA229B /* SecondView.xib */; };
/* End PBXBuildFile section */

/* Begin PBXFileReference section */
		A3F2694D1332DCB400BA229B /* Xcode4Github.app */ = {isa = PBXFileReference; explicitFileType = wrapper.application; includeInIndex = 0; path = Xcode4Github.app; sourceTree = BUILT_PRODUCTS_DIR; };
		A3F269511332DCB400BA229B /* UIKit.framework */ = {isa = PBXFileReference; lastKnownFileType = wrapper.framework; name = UIKit.framework; path = System/Library/Frameworks/UIKit.framework; sourceTree = SDKROOT; };
		A3F269531332DCB400BA229B /* Foundation.framework */ = {isa = PBXFileReference; lastKnownFileType = wrapper.framework; name = Foundation.framework; path = System/Library/Frameworks/Foundation.framework; sourceTree = SDKROOT; };
		A3F269551332DCB400BA229B /* CoreGraphics.framework */ = {isa = PBXFileReference; lastKnownFileType = wrapper.framework; name = CoreGraphics.framework; path = System/Library/Frameworks/CoreGraphics.framework; sourceTree = SDKROOT; };
		A3F269591332DCB400BA229B /* Xcode4Github-Info.plist */ = {isa = PBXFileReference; lastKnownFileType = text.plist.xml; path = "Xcode4Github-Info.plist"; sourceTree = "<group>"; };
		A3F2695B1332DCB400BA229B /* en */ = {isa = PBXFileReference; lastKnownFileType = text.plist.strings; name = en; path = en.lproj/InfoPlist.strings; sourceTree = "<group>"; };
		A3F2695D1332DCB400BA229B /* Xcode4Github-Prefix.pch */ = {isa = PBXFileReference; lastKnownFileType = sourcecode.c.h; path = "Xcode4Github-Prefix.pch"; sourceTree = "<group>"; };
		A3F2695E1332DCB400BA229B /* main.m */ = {isa = PBXFileReference; lastKnownFileType = sourcecode.c.objc; path = main.m; sourceTree = "<group>"; };
		A3F269601332DCB400BA229B /* Xcode4GithubAppDelegate.h */ = {isa = PBXFileReference; lastKnownFileType = sourcecode.c.h; path = Xcode4GithubAppDelegate.h; sourceTree = "<group>"; };
		A3F269611332DCB400BA229B /* Xcode4GithubAppDelegate.m */ = {isa = PBXFileReference; lastKnownFileType = sourcecode.c.objc; path = Xcode4GithubAppDelegate.m; sourceTree = "<group>"; };
		A3F269641332DCB400BA229B /* en */ = {isa = PBXFileReference; lastKnownFileType = file.xib; name = en; path = en.lproj/MainWindow.xib; sourceTree = "<group>"; };
		A3F269661332DCB400BA229B /* FirstViewController.h */ = {isa = PBXFileReference; lastKnownFileType = sourcecode.c.h; path = FirstViewController.h; sourceTree = "<group>"; };
		A3F269671332DCB400BA229B /* FirstViewController.m */ = {isa = PBXFileReference; lastKnownFileType = sourcecode.c.objc; path = FirstViewController.m; sourceTree = "<group>"; };
		A3F269691332DCB400BA229B /* SecondViewController.h */ = {isa = PBXFileReference; lastKnownFileType = sourcecode.c.h; path = SecondViewController.h; sourceTree = "<group>"; };
		A3F2696A1332DCB400BA229B /* SecondViewController.m */ = {isa = PBXFileReference; lastKnownFileType = sourcecode.c.objc; path = SecondViewController.m; sourceTree = "<group>"; };
		A3F2696D1332DCB400BA229B /* en */ = {isa = PBXFileReference; lastKnownFileType = file.xib; name = en; path = en.lproj/FirstView.xib; sourceTree = "<group>"; };
		A3F269701332DCB500BA229B /* en */ = {isa = PBXFileReference; lastKnownFileType = file.xib; name = en; path = en.lproj/SecondView.xib; sourceTree = "<group>"; };
/* End PBXFileReference section */

/* Begin PBXFrameworksBuildPhase section */
		A3F2694A1332DCB400BA229B /* Frameworks */ = {
			isa = PBXFrameworksBuildPhase;
			buildActionMask = 2147483647;
			files = (
				A3F269521332DCB400BA229B /* UIKit.framework in Frameworks */,
				A3F269541332DCB400BA229B /* Foundation.framework in Frameworks */,
				A3F269561332DCB400BA229B /* CoreGraphics.framework in Frameworks */,
			);
			runOnlyForDeploymentPostprocessing = 0;
		};
/* End PBXFrameworksBuildPhase section */

/* Begin PBXGroup section */
		A3F269421332DCB400BA229B = {
			isa = PBXGroup;
			children = (
				A3F269571332DCB400BA229B /* Xcode4Github */,
				A3F269501332DCB400BA229B /* Frameworks */,
				A3F2694E1332DCB400BA229B /* Products */,
			);
			sourceTree = "<group>";
		};
		A3F2694E1332DCB400BA229B /* Products */ = {
			isa = PBXGroup;
			children = (
				A3F2694D1332DCB400BA229B /* Xcode4Github.app */,
			);
			name = Products;
			sourceTree = "<group>";
		};
		A3F269501332DCB400BA229B /* Frameworks */ = {
			isa = PBXGroup;
			children = (
				A3F269511332DCB400BA229B /* UIKit.framework */,
				A3F269531332DCB400BA229B /* Foundation.framework */,
				A3F269551332DCB400BA229B /* CoreGraphics.framework */,
			);
			name = Frameworks;
			sourceTree = "<group>";
		};
		A3F269571332DCB400BA229B /* Xcode4Github */ = {
			isa = PBXGroup;
			children = (
				A3F269601332DCB400BA229B /* Xcode4GithubAppDelegate.h */,
				A3F269611332DCB400BA229B /* Xcode4GithubAppDelegate.m */,
				A3F269631332DCB400BA229B /* MainWindow.xib */,
				A3F269661332DCB400BA229B /* FirstViewController.h */,
				A3F269671332DCB400BA229B /* FirstViewController.m */,
				A3F269691332DCB400BA229B /* SecondViewController.h */,
				A3F2696A1332DCB400BA229B /* SecondViewController.m */,
				A3F2696C1332DCB400BA229B /* FirstView.xib */,
				A3F2696F1332DCB400BA229B /* SecondView.xib */,
				A3F269581332DCB400BA229B /* Supporting Files */,
			);
			path = Xcode4Github;
			sourceTree = "<group>";
		};
		A3F269581332DCB400BA229B /* Supporting Files */ = {
			isa = PBXGroup;
			children = (
				A3F269591332DCB400BA229B /* Xcode4Github-Info.plist */,
				A3F2695A1332DCB400BA229B /* InfoPlist.strings */,
				A3F2695D1332DCB400BA229B /* Xcode4Github-Prefix.pch */,
				A3F2695E1332DCB400BA229B /* main.m */,
			);
			name = "Supporting Files";
			sourceTree = "<group>";
		};
/* End PBXGroup section */

/* Begin PBXNativeTarget section */
		A3F2694C1332DCB400BA229B /* Xcode4Github */ = {
			isa = PBXNativeTarget;
			buildConfigurationList = A3F269741332DCB500BA229B /* Build configuration list for PBXNativeTarget "Xcode4Github" */;
			buildPhases = (
				A3F269491332DCB400BA229B /* Sources */,
				A3F2694A1332DCB400BA229B /* Frameworks */,
				A3F2694B1332DCB400BA229B /* Resources */,
			);
			buildRules = (
			);
			dependencies = (
			);
			name = Xcode4Github;
			productName = Xcode4Github;
			productReference = A3F2694D1332DCB400BA229B /* Xcode4Github.app */;
			productType = "com.apple.product-type.application";
		};
/* End PBXNativeTarget section */

/* Begin PBXProject section */
		A3F269441332DCB400BA229B /* Project object */ = {
			isa = PBXProject;
			buildConfigurationList = A3F269471332DCB400BA229B /* Build configuration list for PBXProject "Xcode4Github" */;
			compatibilityVersion = "Xcode 3.2";
			developmentRegion = English;
			hasScannedForEncodings = 0;
			knownRegions = (
				en,
			);
			mainGroup = A3F269421332DCB400BA229B;
			productRefGroup = A3F2694E1332DCB400BA229B /* Products */;
			projectDirPath = "";
			projectRoot = "";
			targets = (
				A3F2694C1332DCB400BA229B /* Xcode4Github */,
			);
		};
/* End PBXProject section */

/* Begin PBXResourcesBuildPhase section */
		A3F2694B1332DCB400BA229B /* Resources */ = {
			isa = PBXResourcesBuildPhase;
			buildActionMask = 2147483647;
			files = (
				A3F2695C1332DCB400BA229B /* InfoPlist.strings in Resources */,
				A3F269651332DCB400BA229B /* MainWindow.xib in Resources */,
				A3F2696E1332DCB400BA229B /* FirstView.xib in Resources */,
				A3F269711332DCB500BA229B /* SecondView.xib in Resources */,
			);
			runOnlyForDeploymentPostprocessing = 0;
		};
/* End PBXResourcesBuildPhase section */

/* Begin PBXSourcesBuildPhase section */
		A3F269491332DCB400BA229B /* Sources */ = {
			isa = PBXSourcesBuildPhase;
			buildActionMask = 2147483647;
			files = (
				A3F2695F1332DCB400BA229B /* main.m in Sources */,
				A3F269621332DCB400BA229B /* Xcode4GithubAppDelegate.m in Sources */,
				A3F269681332DCB400BA229B /* FirstViewController.m in Sources */,
				A3F2696B1332DCB400BA229B /* SecondViewController.m in Sources */,
			);
			runOnlyForDeploymentPostprocessing = 0;
		};
/* End PBXSourcesBuildPhase section */

/* Begin PBXVariantGroup section */
		A3F2695A1332DCB400BA229B /* InfoPlist.strings */ = {
			isa = PBXVariantGroup;
			children = (
				A3F2695B1332DCB400BA229B /* en */,
			);
			name = InfoPlist.strings;
			sourceTree = "<group>";
		};
		A3F269631332DCB400BA229B /* MainWindow.xib */ = {
			isa = PBXVariantGroup;
			children = (
				A3F269641332DCB400BA229B /* en */,
			);
			name = MainWindow.xib;
			sourceTree = "<group>";
		};
		A3F2696C1332DCB400BA229B /* FirstView.xib */ = {
			isa = PBXVariantGroup;
			children = (
				A3F2696D1332DCB400BA229B /* en */,
			);
			name = FirstView.xib;
			sourceTree = "<group>";
		};
		A3F2696F1332DCB400BA229B /* SecondView.xib */ = {
			isa = PBXVariantGroup;
			children = (
				A3F269701332DCB500BA229B /* en */,
			);
			name = SecondView.xib;
			sourceTree = "<group>";
		};
/* End PBXVariantGroup section */

/* Begin XCBuildConfiguration section */
		A3F269721332DCB500BA229B /* Debug */ = {
			isa = XCBuildConfiguration;
			buildSettings = {
				ARCHS = "$(ARCHS_STANDARD_32_BIT)";
				"CODE_SIGN_IDENTITY[sdk=iphoneos*]" = "iPhone Developer";
				GCC_C_LANGUAGE_STANDARD = gnu99;
				GCC_OPTIMIZATION_LEVEL = 0;
				GCC_PREPROCESSOR_DEFINITIONS = DEBUG;
				GCC_SYMBOLS_PRIVATE_EXTERN = NO;
				GCC_VERSION = com.apple.compilers.llvmgcc42;
				GCC_WARN_ABOUT_RETURN_TYPE = YES;
				GCC_WARN_UNUSED_VARIABLE = YES;
				IPHONEOS_DEPLOYMENT_TARGET = 4.3;
				SDKROOT = iphoneos;
			};
			name = Debug;
		};
		A3F269731332DCB500BA229B /* Release */ = {
			isa = XCBuildConfiguration;
			buildSettings = {
				ARCHS = "$(ARCHS_STANDARD_32_BIT)";
				"CODE_SIGN_IDENTITY[sdk=iphoneos*]" = "iPhone Developer";
				GCC_C_LANGUAGE_STANDARD = gnu99;
				GCC_VERSION = com.apple.compilers.llvmgcc42;
				GCC_WARN_ABOUT_RETURN_TYPE = YES;
				GCC_WARN_UNUSED_VARIABLE = YES;
				IPHONEOS_DEPLOYMENT_TARGET = 4.3;
				OTHER_CFLAGS = "-DNS_BLOCK_ASSERTIONS=1";
				SDKROOT = iphoneos;
			};
			name = Release;
		};
		A3F269751332DCB500BA229B /* Debug */ = {
			isa = XCBuildConfiguration;
			buildSettings = {
				ALWAYS_SEARCH_USER_PATHS = NO;
				COPY_PHASE_STRIP = NO;
				GCC_DYNAMIC_NO_PIC = NO;
				GCC_PRECOMPILE_PREFIX_HEADER = YES;
				GCC_PREFIX_HEADER = "Xcode4Github/Xcode4Github-Prefix.pch";
				INFOPLIST_FILE = "Xcode4Github/Xcode4Github-Info.plist";
				PRODUCT_NAME = "$(TARGET_NAME)";
				WRAPPER_EXTENSION = app;
			};
			name = Debug;
		};
		A3F269761332DCB500BA229B /* Release */ = {
			isa = XCBuildConfiguration;
			buildSettings = {
				ALWAYS_SEARCH_USER_PATHS = NO;
				COPY_PHASE_STRIP = YES;
				GCC_PRECOMPILE_PREFIX_HEADER = YES;
				GCC_PREFIX_HEADER = "Xcode4Github/Xcode4Github-Prefix.pch";
				INFOPLIST_FILE = "Xcode4Github/Xcode4Github-Info.plist";
				PRODUCT_NAME = "$(TARGET_NAME)";
				VALIDATE_PRODUCT = YES;
				WRAPPER_EXTENSION = app;
			};
			name = Release;
		};
/* End XCBuildConfiguration section */

/* Begin XCConfigurationList section */
		A3F269471332DCB400BA229B /* Build configuration list for PBXProject "Xcode4Github" */ = {
			isa = XCConfigurationList;
			buildConfigurations = (
				A3F269721332DCB500BA229B /* Debug */,
				A3F269731332DCB500BA229B /* Release */,
			);
			defaultConfigurationIsVisible = 0;
			defaultConfigurationName = Release;
		};
		A3F269741332DCB500BA229B /* Build configuration list for PBXNativeTarget "Xcode4Github" */ = {
			isa = XCConfigurationList;
			buildConfigurations = (
				A3F269751332DCB500BA229B /* Debug */,
				A3F269761332DCB500BA229B /* Release */,
			);
			defaultConfigurationIsVisible = 0;
		};
/* End XCConfigurationList section */
	};
	rootObject = A3F269441332DCB400BA229B /* Project object */;
}
